
Microsoft Visual Studio Solution File, Format Version 12.00
# Visual Studio Version 17
VisualStudioVersion = 17.1.32210.238
MinimumVisualStudioVersion = 10.0.40219.1
Project("{2150E333-8FDC-42A3-9474-1A3956D46DE8}") = "gtk-sharp", "gtk-sharp", "{E0AD538D-9979-479B-8CBA-ED9143536CE0}"
EndProject
Project("{9A19103F-16F7-4668-BE54-9A1E7A4F7556}") = "glib", "glib\glib.csproj", "{3BF1D531-8840-4F15-8066-A9788D8C398B}"
EndProject
Project("{9A19103F-16F7-4668-BE54-9A1E7A4F7556}") = "atk", "atk\atk.csproj", "{42FE871A-D8CF-4B29-9AFF-B02454E6C976}"
EndProject
Project("{9A19103F-16F7-4668-BE54-9A1E7A4F7556}") = "cairo", "cairo\cairo.csproj", "{364577DB-9728-4951-AC2C-EDF7A6FCC09D}"
EndProject
Project("{9A19103F-16F7-4668-BE54-9A1E7A4F7556}") = "gtk", "gtk\gtk.csproj", "{94045F11-4266-40B4-910F-298985AF69D5}"
EndProject
Project("{9A19103F-16F7-4668-BE54-9A1E7A4F7556}") = "pango", "pango\pango.csproj", "{FF422D8C-562F-4EA6-8590-9D1A5CD40AD4}"
EndProject
Project("{9A19103F-16F7-4668-BE54-9A1E7A4F7556}") = "gdk", "gdk\gdk.csproj", "{DB3F4842-C47A-4FAA-B534-D2C10BB0718C}"
EndProject
Project("{9A19103F-16F7-4668-BE54-9A1E7A4F7556}") = "gio", "gio\gio.csproj", "{C2F33008-4268-40A3-92BD-4EDCC171BE69}"
EndProject
Project("{9A19103F-16F7-4668-BE54-9A1E7A4F7556}") = "generator", "generator\generator.csproj", "{80E73555-2284-40DC-9068-9A40B7359B0C}"
EndProject
Project("{2150E333-8FDC-42A3-9474-1A3956D46DE8}") = "Tests", "Tests", "{0E652F3D-9260-4CB8-B277-FC854F32E7DE}"
EndProject
Project("{9A19103F-16F7-4668-BE54-9A1E7A4F7556}") = "TestGenerator", "tests\generator\TestGenerator.csproj", "{F45F2E1F-2665-43A5-8CCB-B7A86C4584CD}"
EndProject
Project("{FAE04EC0-301F-11D3-BF4B-00C04F79EFBC}") = "Regress", "tests\generator\regress\generated\Regress\Regress.csproj", "{EC293E7A-7D08-4576-9551-3D24717A43D2}"
EndProject
Global
	GlobalSection(SolutionConfigurationPlatforms) = preSolution
		Debug|Any CPU = Debug|Any CPU
		Release|Any CPU = Release|Any CPU
	EndGlobalSection
	GlobalSection(ProjectConfigurationPlatforms) = postSolution
		{3BF1D531-8840-4F15-8066-A9788D8C398B}.Debug|Any CPU.ActiveCfg = Debug|Any CPU
		{3BF1D531-8840-4F15-8066-A9788D8C398B}.Debug|Any CPU.Build.0 = Debug|Any CPU
		{3BF1D531-8840-4F15-8066-A9788D8C398B}.Release|Any CPU.ActiveCfg = Release|Any CPU
		{3BF1D531-8840-4F15-8066-A9788D8C398B}.Release|Any CPU.Build.0 = Release|Any CPU
		{42FE871A-D8CF-4B29-9AFF-B02454E6C976}.Debug|Any CPU.ActiveCfg = Debug|Any CPU
		{42FE871A-D8CF-4B29-9AFF-B02454E6C976}.Debug|Any CPU.Build.0 = Debug|Any CPU
		{42FE871A-D8CF-4B29-9AFF-B02454E6C976}.Release|Any CPU.ActiveCfg = Release|Any CPU
		{42FE871A-D8CF-4B29-9AFF-B02454E6C976}.Release|Any CPU.Build.0 = Release|Any CPU
		{364577DB-9728-4951-AC2C-EDF7A6FCC09D}.Debug|Any CPU.ActiveCfg = Debug|Any CPU
		{364577DB-9728-4951-AC2C-EDF7A6FCC09D}.Debug|Any CPU.Build.0 = Debug|Any CPU
		{364577DB-9728-4951-AC2C-EDF7A6FCC09D}.Release|Any CPU.ActiveCfg = Release|Any CPU
		{364577DB-9728-4951-AC2C-EDF7A6FCC09D}.Release|Any CPU.Build.0 = Release|Any CPU
		{94045F11-4266-40B4-910F-298985AF69D5}.Debug|Any CPU.ActiveCfg = Debug|Any CPU
		{94045F11-4266-40B4-910F-298985AF69D5}.Debug|Any CPU.Build.0 = Debug|Any CPU
		{94045F11-4266-40B4-910F-298985AF69D5}.Release|Any CPU.ActiveCfg = Release|Any CPU
		{94045F11-4266-40B4-910F-298985AF69D5}.Release|Any CPU.Build.0 = Release|Any CPU
		{FF422D8C-562F-4EA6-8590-9D1A5CD40AD4}.Debug|Any CPU.ActiveCfg = Debug|Any CPU
		{FF422D8C-562F-4EA6-8590-9D1A5CD40AD4}.Debug|Any CPU.Build.0 = Debug|Any CPU
		{FF422D8C-562F-4EA6-8590-9D1A5CD40AD4}.Release|Any CPU.ActiveCfg = Release|Any CPU
		{FF422D8C-562F-4EA6-8590-9D1A5CD40AD4}.Release|Any CPU.Build.0 = Release|Any CPU
		{DB3F4842-C47A-4FAA-B534-D2C10BB0718C}.Debug|Any CPU.ActiveCfg = Debug|Any CPU
		{DB3F4842-C47A-4FAA-B534-D2C10BB0718C}.Debug|Any CPU.Build.0 = Debug|Any CPU
		{DB3F4842-C47A-4FAA-B534-D2C10BB0718C}.Release|Any CPU.ActiveCfg = Release|Any CPU
		{DB3F4842-C47A-4FAA-B534-D2C10BB0718C}.Release|Any CPU.Build.0 = Release|Any CPU
		{C2F33008-4268-40A3-92BD-4EDCC171BE69}.Debug|Any CPU.ActiveCfg = Debug|Any CPU
		{C2F33008-4268-40A3-92BD-4EDCC171BE69}.Debug|Any CPU.Build.0 = Debug|Any CPU
		{C2F33008-4268-40A3-92BD-4EDCC171BE69}.Release|Any CPU.ActiveCfg = Release|Any CPU
		{C2F33008-4268-40A3-92BD-4EDCC171BE69}.Release|Any CPU.Build.0 = Release|Any CPU
		{80E73555-2284-40DC-9068-9A40B7359B0C}.Debug|Any CPU.ActiveCfg = Debug|Any CPU
		{80E73555-2284-40DC-9068-9A40B7359B0C}.Debug|Any CPU.Build.0 = Debug|Any CPU
		{80E73555-2284-40DC-9068-9A40B7359B0C}.Release|Any CPU.ActiveCfg = Release|Any CPU
		{80E73555-2284-40DC-9068-9A40B7359B0C}.Release|Any CPU.Build.0 = Release|Any CPU
		{F45F2E1F-2665-43A5-8CCB-B7A86C4584CD}.Debug|Any CPU.ActiveCfg = Debug|Any CPU
		{F45F2E1F-2665-43A5-8CCB-B7A86C4584CD}.Debug|Any CPU.Build.0 = Debug|Any CPU
		{F45F2E1F-2665-43A5-8CCB-B7A86C4584CD}.Release|Any CPU.ActiveCfg = Release|Any CPU
		{F45F2E1F-2665-43A5-8CCB-B7A86C4584CD}.Release|Any CPU.Build.0 = Release|Any CPU
		{EC293E7A-7D08-4576-9551-3D24717A43D2}.Debug|Any CPU.ActiveCfg = Debug|Any CPU
		{EC293E7A-7D08-4576-9551-3D24717A43D2}.Debug|Any CPU.Build.0 = Debug|Any CPU
		{EC293E7A-7D08-4576-9551-3D24717A43D2}.Release|Any CPU.ActiveCfg = Release|Any CPU
		{EC293E7A-7D08-4576-9551-3D24717A43D2}.Release|Any CPU.Build.0 = Release|Any CPU
	EndGlobalSection
	GlobalSection(SolutionProperties) = preSolution
		HideSolutionNode = FALSE
	EndGlobalSection
	GlobalSection(NestedProjects) = preSolution
		{3BF1D531-8840-4F15-8066-A9788D8C398B} = {E0AD538D-9979-479B-8CBA-ED9143536CE0}
		{42FE871A-D8CF-4B29-9AFF-B02454E6C976} = {E0AD538D-9979-479B-8CBA-ED9143536CE0}
		{364577DB-9728-4951-AC2C-EDF7A6FCC09D} = {E0AD538D-9979-479B-8CBA-ED9143536CE0}
		{94045F11-4266-40B4-910F-298985AF69D5} = {E0AD538D-9979-479B-8CBA-ED9143536CE0}
		{FF422D8C-562F-4EA6-8590-9D1A5CD40AD4} = {E0AD538D-9979-479B-8CBA-ED9143536CE0}
		{DB3F4842-C47A-4FAA-B534-D2C10BB0718C} = {E0AD538D-9979-479B-8CBA-ED9143536CE0}
		{C2F33008-4268-40A3-92BD-4EDCC171BE69} = {E0AD538D-9979-479B-8CBA-ED9143536CE0}
		{F45F2E1F-2665-43A5-8CCB-B7A86C4584CD} = {0E652F3D-9260-4CB8-B277-FC854F32E7DE}
		{EC293E7A-7D08-4576-9551-3D24717A43D2} = {0E652F3D-9260-4CB8-B277-FC854F32E7DE}
	EndGlobalSection
	GlobalSection(ExtensibilityGlobals) = postSolution
		SolutionGuid = {18ABBBD5-A9F9-4573-8D9B-CE606F0BED1C}
	EndGlobalSection
EndGlobal
